dependencies:
- name: rabbitmq
  repository: https://kubernetes-charts.storage.googleapis.com
  version: 6.1.1
- name: postgresql
  repository: https://kubernetes-charts.storage.googleapis.com
  version: 5.3.10
digest: sha256:a94714963881f749f8443701e575d23ee581c472b5ebeb21e6115e4269d19505
generated: "2019-06-30T21:18:22.933597-07:00"
